
Microsoft Visual Studio Solution File, Format Version 12.00
# Visual Studio Version 16
VisualStudioVersion = 16.0.30611.23
MinimumVisualStudioVersion = 10.0.40219.1
Project("{9A19103F-16F7-4668-BE54-9A1E7A4F7556}") = "OTaff", "OTaff\OTaff.csproj", "{4E8BB24A-3902-47F6-A6CF-2B957E36D483}"
EndProject
Project("{9A19103F-16F7-4668-BE54-9A1E7A4F7556}") = "SharedLib", "SharedLib\SharedLib.csproj", "{9A4BC438-4192-4016-BB72-51F1BA15A62D}"
EndProject
Project("{9A19103F-16F7-4668-BE54-9A1E7A4F7556}") = "Tester", "Tester\Tester.csproj", "{572188F3-812A-456A-AF6B-45858761F2EC}"
EndProject
Project("{9A19103F-16F7-4668-BE54-9A1E7A4F7556}") = "BlazorApp", "BlazorApp\BlazorApp.csproj", "{3D272FED-B2AD-479D-9EE5-BA0C7C1C1129}"
EndProject
Project("{9A19103F-16F7-4668-BE54-9A1E7A4F7556}") = "MailRelay", "MailRelay\MailRelay.csproj", "{263DC390-CEA6-4CCF-8D45-6004FAA88933}"
EndProject
Project("{9A19103F-16F7-4668-BE54-9A1E7A4F7556}") = "OtaffSupport", "OtaffSupport\OtaffSupport.csproj", "{99184404-2C9F-4905-9AC0-2D7948E6FCB9}"
EndProject
Project("{9A19103F-16F7-4668-BE54-9A1E7A4F7556}") = "ServerLib", "ServerLib\ServerLib.csproj", "{1D3A0DF1-0650-4078-8452-CC5C47050492}"
EndProject
Project("{9A19103F-16F7-4668-BE54-9A1E7A4F7556}") = "GodPanel", "GodPanel\GodPanel.csproj", "{BDD6FE2A-CBBC-4D52-B560-B8070D58F1F7}"
EndProject
Project("{9A19103F-16F7-4668-BE54-9A1E7A4F7556}") = "WorkerApp", "WorkerApp\WorkerApp.csproj", "{C3ECC321-68CC-463C-9916-5579BEDED0B5}"
EndProject
Project("{9A19103F-16F7-4668-BE54-9A1E7A4F7556}") = "StaticPages", "StaticPages\StaticPages.csproj", "{CD73733B-1B55-46F6-BAA3-963D2E01ED21}"
EndProject
Global
	GlobalSection(SolutionConfigurationPlatforms) = preSolution
		Debug|Any CPU = Debug|Any CPU
		Debug|ARM = Debug|ARM
		Debug|ARM64 = Debug|ARM64
		Debug|x64 = Debug|x64
		Debug|x86 = Debug|x86
		Release|Any CPU = Release|Any CPU
		Release|ARM = Release|ARM
		Release|ARM64 = Release|ARM64
		Release|x64 = Release|x64
		Release|x86 = Release|x86
	EndGlobalSection
	GlobalSection(ProjectConfigurationPlatforms) = postSolution
		{4E8BB24A-3902-47F6-A6CF-2B957E36D483}.Debug|Any CPU.ActiveCfg = Debug|Any CPU
		{4E8BB24A-3902-47F6-A6CF-2B957E36D483}.Debug|Any CPU.Build.0 = Debug|Any CPU
		{4E8BB24A-3902-47F6-A6CF-2B957E36D483}.Debug|ARM.ActiveCfg = Debug|Any CPU
		{4E8BB24A-3902-47F6-A6CF-2B957E36D483}.Debug|ARM.Build.0 = Debug|Any CPU
		{4E8BB24A-3902-47F6-A6CF-2B957E36D483}.Debug|ARM64.ActiveCfg = Debug|Any CPU
		{4E8BB24A-3902-47F6-A6CF-2B957E36D483}.Debug|ARM64.Build.0 = Debug|Any CPU
		{4E8BB24A-3902-47F6-A6CF-2B957E36D483}.Debug|x64.ActiveCfg = Debug|Any CPU
		{4E8BB24A-3902-47F6-A6CF-2B957E36D483}.Debug|x64.Build.0 = Debug|Any CPU
		{4E8BB24A-3902-47F6-A6CF-2B957E36D483}.Debug|x86.ActiveCfg = Debug|Any CPU
		{4E8BB24A-3902-47F6-A6CF-2B957E36D483}.Debug|x86.Build.0 = Debug|Any CPU
		{4E8BB24A-3902-47F6-A6CF-2B957E36D483}.Release|Any CPU.ActiveCfg = Release|Any CPU
		{4E8BB24A-3902-47F6-A6CF-2B957E36D483}.Release|Any CPU.Build.0 = Release|Any CPU
		{4E8BB24A-3902-47F6-A6CF-2B957E36D483}.Release|ARM.ActiveCfg = Release|Any CPU
		{4E8BB24A-3902-47F6-A6CF-2B957E36D483}.Release|ARM.Build.0 = Release|Any CPU
		{4E8BB24A-3902-47F6-A6CF-2B957E36D483}.Release|ARM64.ActiveCfg = Release|Any CPU
		{4E8BB24A-3902-47F6-A6CF-2B957E36D483}.Release|ARM64.Build.0 = Release|Any CPU
		{4E8BB24A-3902-47F6-A6CF-2B957E36D483}.Release|x64.ActiveCfg = Release|Any CPU
		{4E8BB24A-3902-47F6-A6CF-2B957E36D483}.Release|x64.Build.0 = Release|Any CPU
		{4E8BB24A-3902-47F6-A6CF-2B957E36D483}.Release|x86.ActiveCfg = Release|Any CPU
		{4E8BB24A-3902-47F6-A6CF-2B957E36D483}.Release|x86.Build.0 = Release|Any CPU
		{9A4BC438-4192-4016-BB72-51F1BA15A62D}.Debug|Any CPU.ActiveCfg = Debug|Any CPU
		{9A4BC438-4192-4016-BB72-51F1BA15A62D}.Debug|Any CPU.Build.0 = Debug|Any CPU
		{9A4BC438-4192-4016-BB72-51F1BA15A62D}.Debug|ARM.ActiveCfg = Debug|Any CPU
		{9A4BC438-4192-4016-BB72-51F1BA15A62D}.Debug|ARM.Build.0 = Debug|Any CPU
		{9A4BC438-4192-4016-BB72-51F1BA15A62D}.Debug|ARM64.ActiveCfg = Debug|Any CPU
		{9A4BC438-4192-4016-BB72-51F1BA15A62D}.Debug|ARM64.Build.0 = Debug|Any CPU
		{9A4BC438-4192-4016-BB72-51F1BA15A62D}.Debug|x64.ActiveCfg = Debug|Any CPU
		{9A4BC438-4192-4016-BB72-51F1BA15A62D}.Debug|x64.Build.0 = Debug|Any CPU
		{9A4BC438-4192-4016-BB72-51F1BA15A62D}.Debug|x86.ActiveCfg = Debug|Any CPU
		{9A4BC438-4192-4016-BB72-51F1BA15A62D}.Debug|x86.Build.0 = Debug|Any CPU
		{9A4BC438-4192-4016-BB72-51F1BA15A62D}.Release|Any CPU.ActiveCfg = Release|Any CPU
		{9A4BC438-4192-4016-BB72-51F1BA15A62D}.Release|Any CPU.Build.0 = Release|Any CPU
		{9A4BC438-4192-4016-BB72-51F1BA15A62D}.Release|ARM.ActiveCfg = Release|Any CPU
		{9A4BC438-4192-4016-BB72-51F1BA15A62D}.Release|ARM.Build.0 = Release|Any CPU
		{9A4BC438-4192-4016-BB72-51F1BA15A62D}.Release|ARM64.ActiveCfg = Release|Any CPU
		{9A4BC438-4192-4016-BB72-51F1BA15A62D}.Release|ARM64.Build.0 = Release|Any CPU
		{9A4BC438-4192-4016-BB72-51F1BA15A62D}.Release|x64.ActiveCfg = Release|Any CPU
		{9A4BC438-4192-4016-BB72-51F1BA15A62D}.Release|x64.Build.0 = Release|Any CPU
		{9A4BC438-4192-4016-BB72-51F1BA15A62D}.Release|x86.ActiveCfg = Release|Any CPU
		{9A4BC438-4192-4016-BB72-51F1BA15A62D}.Release|x86.Build.0 = Release|Any CPU
		{572188F3-812A-456A-AF6B-45858761F2EC}.Debug|Any CPU.ActiveCfg = Debug|Any CPU
		{572188F3-812A-456A-AF6B-45858761F2EC}.Debug|Any CPU.Build.0 = Debug|Any CPU
		{572188F3-812A-456A-AF6B-45858761F2EC}.Debug|ARM.ActiveCfg = Debug|Any CPU
		{572188F3-812A-456A-AF6B-45858761F2EC}.Debug|ARM.Build.0 = Debug|Any CPU
		{572188F3-812A-456A-AF6B-45858761F2EC}.Debug|ARM64.ActiveCfg = Debug|Any CPU
		{572188F3-812A-456A-AF6B-45858761F2EC}.Debug|ARM64.Build.0 = Debug|Any CPU
		{572188F3-812A-456A-AF6B-45858761F2EC}.Debug|x64.ActiveCfg = Debug|Any CPU
		{572188F3-812A-456A-AF6B-45858761F2EC}.Debug|x64.Build.0 = Debug|Any CPU
		{572188F3-812A-456A-AF6B-45858761F2EC}.Debug|x86.ActiveCfg = Debug|Any CPU
		{572188F3-812A-456A-AF6B-45858761F2EC}.Debug|x86.Build.0 = Debug|Any CPU
		{572188F3-812A-456A-AF6B-45858761F2EC}.Release|Any CPU.ActiveCfg = Release|Any CPU
		{572188F3-812A-456A-AF6B-45858761F2EC}.Release|Any CPU.Build.0 = Release|Any CPU
		{572188F3-812A-456A-AF6B-45858761F2EC}.Release|ARM.ActiveCfg = Release|Any CPU
		{572188F3-812A-456A-AF6B-45858761F2EC}.Release|ARM.Build.0 = Release|Any CPU
		{572188F3-812A-456A-AF6B-45858761F2EC}.Release|ARM64.ActiveCfg = Release|Any CPU
		{572188F3-812A-456A-AF6B-45858761F2EC}.Release|ARM64.Build.0 = Release|Any CPU
		{572188F3-812A-456A-AF6B-45858761F2EC}.Release|x64.ActiveCfg = Release|Any CPU
		{572188F3-812A-456A-AF6B-45858761F2EC}.Release|x64.Build.0 = Release|Any CPU
		{572188F3-812A-456A-AF6B-45858761F2EC}.Release|x86.ActiveCfg = Release|Any CPU
		{572188F3-812A-456A-AF6B-45858761F2EC}.Release|x86.Build.0 = Release|Any CPU
		{3D272FED-B2AD-479D-9EE5-BA0C7C1C1129}.Debug|Any CPU.ActiveCfg = Debug|Any CPU
		{3D272FED-B2AD-479D-9EE5-BA0C7C1C1129}.Debug|Any CPU.Build.0 = Debug|Any CPU
		{3D272FED-B2AD-479D-9EE5-BA0C7C1C1129}.Debug|ARM.ActiveCfg = Debug|Any CPU
		{3D272FED-B2AD-479D-9EE5-BA0C7C1C1129}.Debug|ARM.Build.0 = Debug|Any CPU
		{3D272FED-B2AD-479D-9EE5-BA0C7C1C1129}.Debug|ARM64.ActiveCfg = Debug|Any CPU
		{3D272FED-B2AD-479D-9EE5-BA0C7C1C1129}.Debug|ARM64.Build.0 = Debug|Any CPU
		{3D272FED-B2AD-479D-9EE5-BA0C7C1C1129}.Debug|x64.ActiveCfg = Debug|Any CPU
		{3D272FED-B2AD-479D-9EE5-BA0C7C1C1129}.Debug|x64.Build.0 = Debug|Any CPU
		{3D272FED-B2AD-479D-9EE5-BA0C7C1C1129}.Debug|x86.ActiveCfg = Debug|Any CPU
		{3D272FED-B2AD-479D-9EE5-BA0C7C1C1129}.Debug|x86.Build.0 = Debug|Any CPU
		{3D272FED-B2AD-479D-9EE5-BA0C7C1C1129}.Release|Any CPU.ActiveCfg = Release|Any CPU
		{3D272FED-B2AD-479D-9EE5-BA0C7C1C1129}.Release|Any CPU.Build.0 = Release|Any CPU
		{3D272FED-B2AD-479D-9EE5-BA0C7C1C1129}.Release|ARM.ActiveCfg = Release|Any CPU
		{3D272FED-B2AD-479D-9EE5-BA0C7C1C1129}.Release|ARM.Build.0 = Release|Any CPU
		{3D272FED-B2AD-479D-9EE5-BA0C7C1C1129}.Release|ARM64.ActiveCfg = Release|Any CPU
		{3D272FED-B2AD-479D-9EE5-BA0C7C1C1129}.Release|ARM64.Build.0 = Release|Any CPU
		{3D272FED-B2AD-479D-9EE5-BA0C7C1C1129}.Release|x64.ActiveCfg = Release|Any CPU
		{3D272FED-B2AD-479D-9EE5-BA0C7C1C1129}.Release|x64.Build.0 = Release|Any CPU
		{3D272FED-B2AD-479D-9EE5-BA0C7C1C1129}.Release|x86.ActiveCfg = Release|Any CPU
		{3D272FED-B2AD-479D-9EE5-BA0C7C1C1129}.Release|x86.Build.0 = Release|Any CPU
		{263DC390-CEA6-4CCF-8D45-6004FAA88933}.Debug|Any CPU.ActiveCfg = Debug|Any CPU
		{263DC390-CEA6-4CCF-8D45-6004FAA88933}.Debug|Any CPU.Build.0 = Debug|Any CPU
		{263DC390-CEA6-4CCF-8D45-6004FAA88933}.Debug|ARM.ActiveCfg = Debug|Any CPU
		{263DC390-CEA6-4CCF-8D45-6004FAA88933}.Debug|ARM.Build.0 = Debug|Any CPU
		{263DC390-CEA6-4CCF-8D45-6004FAA88933}.Debug|ARM64.ActiveCfg = Debug|Any CPU
		{263DC390-CEA6-4CCF-8D45-6004FAA88933}.Debug|ARM64.Build.0 = Debug|Any CPU
		{263DC390-CEA6-4CCF-8D45-6004FAA88933}.Debug|x64.ActiveCfg = Debug|Any CPU
		{263DC390-CEA6-4CCF-8D45-6004FAA88933}.Debug|x64.Build.0 = Debug|Any CPU
		{263DC390-CEA6-4CCF-8D45-6004FAA88933}.Debug|x86.ActiveCfg = Debug|Any CPU
		{263DC390-CEA6-4CCF-8D45-6004FAA88933}.Debug|x86.Build.0 = Debug|Any CPU
		{263DC390-CEA6-4CCF-8D45-6004FAA88933}.Release|Any CPU.ActiveCfg = Release|Any CPU
		{263DC390-CEA6-4CCF-8D45-6004FAA88933}.Release|Any CPU.Build.0 = Release|Any CPU
		{263DC390-CEA6-4CCF-8D45-6004FAA88933}.Release|ARM.ActiveCfg = Release|Any CPU
		{263DC390-CEA6-4CCF-8D45-6004FAA88933}.Release|ARM.Build.0 = Release|Any CPU
		{263DC390-CEA6-4CCF-8D45-6004FAA88933}.Release|ARM64.ActiveCfg = Release|Any CPU
		{263DC390-CEA6-4CCF-8D45-6004FAA88933}.Release|ARM64.Build.0 = Release|Any CPU
		{263DC390-CEA6-4CCF-8D45-6004FAA88933}.Release|x64.ActiveCfg = Release|Any CPU
		{263DC390-CEA6-4CCF-8D45-6004FAA88933}.Release|x64.Build.0 = Release|Any CPU
		{263DC390-CEA6-4CCF-8D45-6004FAA88933}.Release|x86.ActiveCfg = Release|Any CPU
		{263DC390-CEA6-4CCF-8D45-6004FAA88933}.Release|x86.Build.0 = Release|Any CPU
		{99184404-2C9F-4905-9AC0-2D7948E6FCB9}.Debug|Any CPU.ActiveCfg = Debug|Any CPU
		{99184404-2C9F-4905-9AC0-2D7948E6FCB9}.Debug|Any CPU.Build.0 = Debug|Any CPU
		{99184404-2C9F-4905-9AC0-2D7948E6FCB9}.Debug|ARM.ActiveCfg = Debug|Any CPU
		{99184404-2C9F-4905-9AC0-2D7948E6FCB9}.Debug|ARM.Build.0 = Debug|Any CPU
		{99184404-2C9F-4905-9AC0-2D7948E6FCB9}.Debug|ARM64.ActiveCfg = Debug|Any CPU
		{99184404-2C9F-4905-9AC0-2D7948E6FCB9}.Debug|ARM64.Build.0 = Debug|Any CPU
		{99184404-2C9F-4905-9AC0-2D7948E6FCB9}.Debug|x64.ActiveCfg = Debug|Any CPU
		{99184404-2C9F-4905-9AC0-2D7948E6FCB9}.Debug|x64.Build.0 = Debug|Any CPU
		{99184404-2C9F-4905-9AC0-2D7948E6FCB9}.Debug|x86.ActiveCfg = Debug|Any CPU
		{99184404-2C9F-4905-9AC0-2D7948E6FCB9}.Debug|x86.Build.0 = Debug|Any CPU
		{99184404-2C9F-4905-9AC0-2D7948E6FCB9}.Release|Any CPU.ActiveCfg = Release|Any CPU
		{99184404-2C9F-4905-9AC0-2D7948E6FCB9}.Release|Any CPU.Build.0 = Release|Any CPU
		{99184404-2C9F-4905-9AC0-2D7948E6FCB9}.Release|ARM.ActiveCfg = Release|Any CPU
		{99184404-2C9F-4905-9AC0-2D7948E6FCB9}.Release|ARM.Build.0 = Release|Any CPU
		{99184404-2C9F-4905-9AC0-2D7948E6FCB9}.Release|ARM64.ActiveCfg = Release|Any CPU
		{99184404-2C9F-4905-9AC0-2D7948E6FCB9}.Release|ARM64.Build.0 = Release|Any CPU
		{99184404-2C9F-4905-9AC0-2D7948E6FCB9}.Release|x64.ActiveCfg = Release|Any CPU
		{99184404-2C9F-4905-9AC0-2D7948E6FCB9}.Release|x64.Build.0 = Release|Any CPU
		{99184404-2C9F-4905-9AC0-2D7948E6FCB9}.Release|x86.ActiveCfg = Release|Any CPU
		{99184404-2C9F-4905-9AC0-2D7948E6FCB9}.Release|x86.Build.0 = Release|Any CPU
		{1D3A0DF1-0650-4078-8452-CC5C47050492}.Debug|Any CPU.ActiveCfg = Debug|Any CPU
		{1D3A0DF1-0650-4078-8452-CC5C47050492}.Debug|Any CPU.Build.0 = Debug|Any CPU
		{1D3A0DF1-0650-4078-8452-CC5C47050492}.Debug|ARM.ActiveCfg = Debug|Any CPU
		{1D3A0DF1-0650-4078-8452-CC5C47050492}.Debug|ARM.Build.0 = Debug|Any CPU
		{1D3A0DF1-0650-4078-8452-CC5C47050492}.Debug|ARM64.ActiveCfg = Debug|Any CPU
		{1D3A0DF1-0650-4078-8452-CC5C47050492}.Debug|ARM64.Build.0 = Debug|Any CPU
		{1D3A0DF1-0650-4078-8452-CC5C47050492}.Debug|x64.ActiveCfg = Debug|Any CPU
		{1D3A0DF1-0650-4078-8452-CC5C47050492}.Debug|x64.Build.0 = Debug|Any CPU
		{1D3A0DF1-0650-4078-8452-CC5C47050492}.Debug|x86.ActiveCfg = Debug|Any CPU
		{1D3A0DF1-0650-4078-8452-CC5C47050492}.Debug|x86.Build.0 = Debug|Any CPU
		{1D3A0DF1-0650-4078-8452-CC5C47050492}.Release|Any CPU.ActiveCfg = Release|Any CPU
		{1D3A0DF1-0650-4078-8452-CC5C47050492}.Release|Any CPU.Build.0 = Release|Any CPU
		{1D3A0DF1-0650-4078-8452-CC5C47050492}.Release|ARM.ActiveCfg = Release|Any CPU
		{1D3A0DF1-0650-4078-8452-CC5C47050492}.Release|ARM.Build.0 = Release|Any CPU
		{1D3A0DF1-0650-4078-8452-CC5C47050492}.Release|ARM64.ActiveCfg = Release|Any CPU
		{1D3A0DF1-0650-4078-8452-CC5C47050492}.Release|ARM64.Build.0 = Release|Any CPU
		{1D3A0DF1-0650-4078-8452-CC5C47050492}.Release|x64.ActiveCfg = Release|Any CPU
		{1D3A0DF1-0650-4078-8452-CC5C47050492}.Release|x64.Build.0 = Release|Any CPU
		{1D3A0DF1-0650-4078-8452-CC5C47050492}.Release|x86.ActiveCfg = Release|Any CPU
		{1D3A0DF1-0650-4078-8452-CC5C47050492}.Release|x86.Build.0 = Release|Any CPU
		{BDD6FE2A-CBBC-4D52-B560-B8070D58F1F7}.Debug|Any CPU.ActiveCfg = Debug|Any CPU
		{BDD6FE2A-CBBC-4D52-B560-B8070D58F1F7}.Debug|Any CPU.Build.0 = Debug|Any CPU
		{BDD6FE2A-CBBC-4D52-B560-B8070D58F1F7}.Debug|ARM.ActiveCfg = Debug|Any CPU
		{BDD6FE2A-CBBC-4D52-B560-B8070D58F1F7}.Debug|ARM.Build.0 = Debug|Any CPU
		{BDD6FE2A-CBBC-4D52-B560-B8070D58F1F7}.Debug|ARM64.ActiveCfg = Debug|Any CPU
		{BDD6FE2A-CBBC-4D52-B560-B8070D58F1F7}.Debug|ARM64.Build.0 = Debug|Any CPU
		{BDD6FE2A-CBBC-4D52-B560-B8070D58F1F7}.Debug|x64.ActiveCfg = Debug|Any CPU
		{BDD6FE2A-CBBC-4D52-B560-B8070D58F1F7}.Debug|x64.Build.0 = Debug|Any CPU
		{BDD6FE2A-CBBC-4D52-B560-B8070D58F1F7}.Debug|x86.ActiveCfg = Debug|Any CPU
		{BDD6FE2A-CBBC-4D52-B560-B8070D58F1F7}.Debug|x86.Build.0 = Debug|Any CPU
		{BDD6FE2A-CBBC-4D52-B560-B8070D58F1F7}.Release|Any CPU.ActiveCfg = Release|Any CPU
		{BDD6FE2A-CBBC-4D52-B560-B8070D58F1F7}.Release|Any CPU.Build.0 = Release|Any CPU
		{BDD6FE2A-CBBC-4D52-B560-B8070D58F1F7}.Release|ARM.ActiveCfg = Release|Any CPU
		{BDD6FE2A-CBBC-4D52-B560-B8070D58F1F7}.Release|ARM.Build.0 = Release|Any CPU
		{BDD6FE2A-CBBC-4D52-B560-B8070D58F1F7}.Release|ARM64.ActiveCfg = Release|Any CPU
		{BDD6FE2A-CBBC-4D52-B560-B8070D58F1F7}.Release|ARM64.Build.0 = Release|Any CPU
		{BDD6FE2A-CBBC-4D52-B560-B8070D58F1F7}.Release|x64.ActiveCfg = Release|Any CPU
		{BDD6FE2A-CBBC-4D52-B560-B8070D58F1F7}.Release|x64.Build.0 = Release|Any CPU
		{BDD6FE2A-CBBC-4D52-B560-B8070D58F1F7}.Release|x86.ActiveCfg = Release|Any CPU
		{BDD6FE2A-CBBC-4D52-B560-B8070D58F1F7}.Release|x86.Build.0 = Release|Any CPU
		{C3ECC321-68CC-463C-9916-5579BEDED0B5}.Debug|Any CPU.ActiveCfg = Debug|Any CPU
		{C3ECC321-68CC-463C-9916-5579BEDED0B5}.Debug|Any CPU.Build.0 = Debug|Any CPU
		{C3ECC321-68CC-463C-9916-5579BEDED0B5}.Debug|ARM.ActiveCfg = Debug|Any CPU
		{C3ECC321-68CC-463C-9916-5579BEDED0B5}.Debug|ARM.Build.0 = Debug|Any CPU
		{C3ECC321-68CC-463C-9916-5579BEDED0B5}.Debug|ARM64.ActiveCfg = Debug|Any CPU
		{C3ECC321-68CC-463C-9916-5579BEDED0B5}.Debug|ARM64.Build.0 = Debug|Any CPU
		{C3ECC321-68CC-463C-9916-5579BEDED0B5}.Debug|x64.ActiveCfg = Debug|Any CPU
		{C3ECC321-68CC-463C-9916-5579BEDED0B5}.Debug|x64.Build.0 = Debug|Any CPU
		{C3ECC321-68CC-463C-9916-5579BEDED0B5}.Debug|x86.ActiveCfg = Debug|Any CPU
		{C3ECC321-68CC-463C-9916-5579BEDED0B5}.Debug|x86.Build.0 = Debug|Any CPU
		{C3ECC321-68CC-463C-9916-5579BEDED0B5}.Release|Any CPU.ActiveCfg = Release|Any CPU
		{C3ECC321-68CC-463C-9916-5579BEDED0B5}.Release|Any CPU.Build.0 = Release|Any CPU
		{C3ECC321-68CC-463C-9916-5579BEDED0B5}.Release|ARM.ActiveCfg = Release|Any CPU
		{C3ECC321-68CC-463C-9916-5579BEDED0B5}.Release|ARM.Build.0 = Release|Any CPU
		{C3ECC321-68CC-463C-9916-5579BEDED0B5}.Release|ARM64.ActiveCfg = Release|Any CPU
		{C3ECC321-68CC-463C-9916-5579BEDED0B5}.Release|ARM64.Build.0 = Release|Any CPU
		{C3ECC321-68CC-463C-9916-5579BEDED0B5}.Release|x64.ActiveCfg = Release|Any CPU
		{C3ECC321-68CC-463C-9916-5579BEDED0B5}.Release|x64.Build.0 = Release|Any CPU
		{C3ECC321-68CC-463C-9916-5579BEDED0B5}.Release|x86.ActiveCfg = Release|Any CPU
		{C3ECC321-68CC-463C-9916-5579BEDED0B5}.Release|x86.Build.0 = Release|Any CPU
		{CD73733B-1B55-46F6-BAA3-963D2E01ED21}.Debug|Any CPU.ActiveCfg = Debug|Any CPU
		{CD73733B-1B55-46F6-BAA3-963D2E01ED21}.Debug|Any CPU.Build.0 = Debug|Any CPU
		{CD73733B-1B55-46F6-BAA3-963D2E01ED21}.Debug|ARM.ActiveCfg = Debug|Any CPU
		{CD73733B-1B55-46F6-BAA3-963D2E01ED21}.Debug|ARM.Build.0 = Debug|Any CPU
		{CD73733B-1B55-46F6-BAA3-963D2E01ED21}.Debug|ARM64.ActiveCfg = Debug|Any CPU
		{CD73733B-1B55-46F6-BAA3-963D2E01ED21}.Debug|ARM64.Build.0 = Debug|Any CPU
		{CD73733B-1B55-46F6-BAA3-963D2E01ED21}.Debug|x64.ActiveCfg = Debug|Any CPU
		{CD73733B-1B55-46F6-BAA3-963D2E01ED21}.Debug|x64.Build.0 = Debug|Any CPU
		{CD73733B-1B55-46F6-BAA3-963D2E01ED21}.Debug|x86.ActiveCfg = Debug|Any CPU
		{CD73733B-1B55-46F6-BAA3-963D2E01ED21}.Debug|x86.Build.0 = Debug|Any CPU
		{CD73733B-1B55-46F6-BAA3-963D2E01ED21}.Release|Any CPU.ActiveCfg = Release|Any CPU
		{CD73733B-1B55-46F6-BAA3-963D2E01ED21}.Release|Any CPU.Build.0 = Release|Any CPU
		{CD73733B-1B55-46F6-BAA3-963D2E01ED21}.Release|ARM.ActiveCfg = Release|Any CPU
		{CD73733B-1B55-46F6-BAA3-963D2E01ED21}.Release|ARM.Build.0 = Release|Any CPU
		{CD73733B-1B55-46F6-BAA3-963D2E01ED21}.Release|ARM64.ActiveCfg = Release|Any CPU
		{CD73733B-1B55-46F6-BAA3-963D2E01ED21}.Release|ARM64.Build.0 = Release|Any CPU
		{CD73733B-1B55-46F6-BAA3-963D2E01ED21}.Release|x64.ActiveCfg = Release|Any CPU
		{CD73733B-1B55-46F6-BAA3-963D2E01ED21}.Release|x64.Build.0 = Release|Any CPU
		{CD73733B-1B55-46F6-BAA3-963D2E01ED21}.Release|x86.ActiveCfg = Release|Any CPU
		{CD73733B-1B55-46F6-BAA3-963D2E01ED21}.Release|x86.Build.0 = Release|Any CPU
	EndGlobalSection
	GlobalSection(SolutionProperties) = preSolution
		HideSolutionNode = FALSE
	EndGlobalSection
	GlobalSection(ExtensibilityGlobals) = postSolution
		SolutionGuid = {AC161ED0-CE00-4690-A42E-2163A9E50924}
	EndGlobalSection
EndGlobal
